// !$*UTF8*$!
{
	archiveVersion = 1;
	classes = {
	};
	objectVersion = 46;
	objects = {

/* Begin PBXBuildFile section */
		4555AC091F21D5EB00351397 /* NSError+MC.m in Sources */ = {isa = PBXBuildFile; fileRef = 4555AC041F21D5EB00351397 /* NSError+MC.m */; };
		4555AC0A1F21D5EB00351397 /* MCProtocolCommand.m in Sources */ = {isa = PBXBuildFile; fileRef = 4555AC071F21D5EB00351397 /* MCProtocolCommand.m */; };
		456DDFC6202C30DC00AE9A43 /* AudioPlayerChecker.m in Sources */ = {isa = PBXBuildFile; fileRef = 456DDFC5202C30DC00AE9A43 /* AudioPlayerChecker.m */; };
		4579BE4920280DD0003B571D /* FCRequest.m in Sources */ = {isa = PBXBuildFile; fileRef = 4579BE4820280DD0003B571D /* FCRequest.m */; };
		4579BE4C20280E08003B571D /* FCCallback.m in Sources */ = {isa = PBXBuildFile; fileRef = 4579BE4B20280E08003B571D /* FCCallback.m */; };
		4579BE4F202826B3003B571D /* FCRequestManager.m in Sources */ = {isa = PBXBuildFile; fileRef = 4579BE4E202826B3003B571D /* FCRequestManager.m */; };
		4588A4DA202D9130001885DB /* CheckAudioFilePlayer.m in Sources */ = {isa = PBXBuildFile; fileRef = 4588A4D9202D9130001885DB /* CheckAudioFilePlayer.m */; };
		459F12EF1F2B1A4000C5ADC2 /* AudioFilePlayer.m in Sources */ = {isa = PBXBuildFile; fileRef = 459F12EE1F2B1A4000C5ADC2 /* AudioFilePlayer.m */; };
		45B357ED1EF9147900CEF767 /* AudioPlayer.m in Sources */ = {isa = PBXBuildFile; fileRef = 45B357EC1EF9147900CEF767 /* AudioPlayer.m */; };
		45D8CE921EAF2207003CE137 /* main.m in Sources */ = {isa = PBXBuildFile; fileRef = 45D8CE911EAF2207003CE137 /* main.m */; };
		45D8CE951EAF2207003CE137 /* AppDelegate.m in Sources */ = {isa = PBXBuildFile; fileRef = 45D8CE941EAF2207003CE137 /* AppDelegate.m */; };
		45D8CE981EAF2207003CE137 /* ViewController.m in Sources */ = {isa = PBXBuildFile; fileRef = 45D8CE971EAF2207003CE137 /* ViewController.m */; };
		45D8CE9B1EAF2207003CE137 /* Main.storyboard in Resources */ = {isa = PBXBuildFile; fileRef = 45D8CE991EAF2207003CE137 /* Main.storyboard */; };
		45D8CE9D1EAF2207003CE137 /* Assets.xcassets in Resources */ = {isa = PBXBuildFile; fileRef = 45D8CE9C1EAF2207003CE137 /* Assets.xcassets */; };
		45D8CEA01EAF2207003CE137 /* LaunchScreen.storyboard in Resources */ = {isa = PBXBuildFile; fileRef = 45D8CE9E1EAF2207003CE137 /* LaunchScreen.storyboard */; };
/* End PBXBuildFile section */

/* Begin PBXFileReference section */
		4555AC031F21D5EB00351397 /* NSError+MC.h */ = {isa = PBXFileReference; fileEncoding = 4; lastKnownFileType = sourcecode.c.h; path = "NSError+MC.h"; sourceTree = "<group>"; };
		4555AC041F21D5EB00351397 /* NSError+MC.m */ = {isa = PBXFileReference; fileEncoding = 4; lastKnownFileType = sourcecode.c.objc; path = "NSError+MC.m"; sourceTree = "<group>"; };
		4555AC061F21D5EB00351397 /* MCProtocolCommand.h */ = {isa = PBXFileReference; fileEncoding = 4; lastKnownFileType = sourcecode.c.h; path = MCProtocolCommand.h; sourceTree = "<group>"; };
		4555AC071F21D5EB00351397 /* MCProtocolCommand.m */ = {isa = PBXFileReference; fileEncoding = 4; lastKnownFileType = sourcecode.c.objc; path = MCProtocolCommand.m; sourceTree = "<group>"; };
		4555AC0B1F21D77C00351397 /* PrefixHeader.pch */ = {isa = PBXFileReference; lastKnownFileType = sourcecode.c.h; path = PrefixHeader.pch; sourceTree = "<group>"; };
		456DDFC4202C30DC00AE9A43 /* AudioPlayerChecker.h */ = {isa = PBXFileReference; lastKnownFileType = sourcecode.c.h; path = AudioPlayerChecker.h; sourceTree = "<group>"; };
		456DDFC5202C30DC00AE9A43 /* AudioPlayerChecker.m */ = {isa = PBXFileReference; lastKnownFileType = sourcecode.c.objc; path = AudioPlayerChecker.m; sourceTree = "<group>"; };
		4579BE4720280DD0003B571D /* FCRequest.h */ = {isa = PBXFileReference; lastKnownFileType = sourcecode.c.h; path = FCRequest.h; sourceTree = "<group>"; };
		4579BE4820280DD0003B571D /* FCRequest.m */ = {isa = PBXFileReference; lastKnownFileType = sourcecode.c.objc; path = FCRequest.m; sourceTree = "<group>"; };
		4579BE4A20280E08003B571D /* FCCallback.h */ = {isa = PBXFileReference; lastKnownFileType = sourcecode.c.h; path = FCCallback.h; sourceTree = "<group>"; };
		4579BE4B20280E08003B571D /* FCCallback.m */ = {isa = PBXFileReference; lastKnownFileType = sourcecode.c.objc; path = FCCallback.m; sourceTree = "<group>"; };
		4579BE4D202826B3003B571D /* FCRequestManager.h */ = {isa = PBXFileReference; lastKnownFileType = sourcecode.c.h; path = FCRequestManager.h; sourceTree = "<group>"; };
		4579BE4E202826B3003B571D /* FCRequestManager.m */ = {isa = PBXFileReference; lastKnownFileType = sourcecode.c.objc; path = FCRequestManager.m; sourceTree = "<group>"; };
		4588A4D8202D9130001885DB /* CheckAudioFilePlayer.h */ = {isa = PBXFileReference; lastKnownFileType = sourcecode.c.h; path = CheckAudioFilePlayer.h; sourceTree = "<group>"; };
		4588A4D9202D9130001885DB /* CheckAudioFilePlayer.m */ = {isa = PBXFileReference; lastKnownFileType = sourcecode.c.objc; path = CheckAudioFilePlayer.m; sourceTree = "<group>"; };
		459F12ED1F2B1A4000C5ADC2 /* AudioFilePlayer.h */ = {isa = PBXFileReference; fileEncoding = 4; lastKnownFileType = sourcecode.c.h; path = AudioFilePlayer.h; sourceTree = "<group>"; };
		459F12EE1F2B1A4000C5ADC2 /* AudioFilePlayer.m */ = {isa = PBXFileReference; fileEncoding = 4; lastKnownFileType = sourcecode.c.objc; path = AudioFilePlayer.m; sourceTree = "<group>"; };
		45B357EC1EF9147900CEF767 /* AudioPlayer.m */ = {isa = PBXFileReference; fileEncoding = 4; lastKnownFileType = sourcecode.c.objc; path = AudioPlayer.m; sourceTree = "<group>"; };
		45D8CE8D1EAF2207003CE137 /* AudioPlayerDemo.app */ = {isa = PBXFileReference; explicitFileType = wrapper.application; includeInIndex = 0; path = AudioPlayerDemo.app; sourceTree = BUILT_PRODUCTS_DIR; };
		45D8CE911EAF2207003CE137 /* main.m */ = {isa = PBXFileReference; lastKnownFileType = sourcecode.c.objc; path = main.m; sourceTree = "<group>"; };
		45D8CE931EAF2207003CE137 /* AppDelegate.h */ = {isa = PBXFileReference; lastKnownFileType = sourcecode.c.h; path = AppDelegate.h; sourceTree = "<group>"; };
		45D8CE941EAF2207003CE137 /* AppDelegate.m */ = {isa = PBXFileReference; lastKnownFileType = sourcecode.c.objc; path = AppDelegate.m; sourceTree = "<group>"; };
		45D8CE961EAF2207003CE137 /* ViewController.h */ = {isa = PBXFileReference; lastKnownFileType = sourcecode.c.h; path = ViewController.h; sourceTree = "<group>"; };
		45D8CE971EAF2207003CE137 /* ViewController.m */ = {isa = PBXFileReference; lastKnownFileType = sourcecode.c.objc; path = ViewController.m; sourceTree = "<group>"; };
		45D8CE9A1EAF2207003CE137 /* Base */ = {isa = PBXFileReference; lastKnownFileType = file.storyboard; name = Base; path = Base.lproj/Main.storyboard; sourceTree = "<group>"; };
		45D8CE9C1EAF2207003CE137 /* Assets.xcassets */ = {isa = PBXFileReference; lastKnownFileType = folder.assetcatalog; path = Assets.xcassets; sourceTree = "<group>"; };
		45D8CE9F1EAF2207003CE137 /* Base */ = {isa = PBXFileReference; lastKnownFileType = file.storyboard; name = Base; path = Base.lproj/LaunchScreen.storyboard; sourceTree = "<group>"; };
		45D8CEA11EAF2207003CE137 /* Info.plist */ = {isa = PBXFileReference; lastKnownFileType = text.plist.xml; path = Info.plist; sourceTree = "<group>"; };
		45D8CEAE1EAF2243003CE137 /* AudioPlayer.h */ = {isa = PBXFileReference; fileEncoding = 4; lastKnownFileType = sourcecode.c.h; path = AudioPlayer.h; sourceTree = "<group>"; };
/* End PBXFileReference section */

/* Begin PBXFrameworksBuildPhase section */
		45D8CE8A1EAF2207003CE137 /* Frameworks */ = {
			isa = PBXFrameworksBuildPhase;
			buildActionMask = 2147483647;
			files = (
			);
			runOnlyForDeploymentPostprocessing = 0;
		};
/* End PBXFrameworksBuildPhase section */

/* Begin PBXGroup section */
		4555AC021F21D5EB00351397 /* Error */ = {
			isa = PBXGroup;
			children = (
				4555AC031F21D5EB00351397 /* NSError+MC.h */,
				4555AC041F21D5EB00351397 /* NSError+MC.m */,
			);
			path = Error;
			sourceTree = "<group>";
		};
		4555AC051F21D5EB00351397 /* Command */ = {
			isa = PBXGroup;
			children = (
				4555AC061F21D5EB00351397 /* MCProtocolCommand.h */,
				4555AC071F21D5EB00351397 /* MCProtocolCommand.m */,
			);
			path = Command;
			sourceTree = "<group>";
		};
		4579BE4320280D2C003B571D /* Custom */ = {
			isa = PBXGroup;
			children = (
				4579BE4720280DD0003B571D /* FCRequest.h */,
				4579BE4820280DD0003B571D /* FCRequest.m */,
				4579BE4A20280E08003B571D /* FCCallback.h */,
				4579BE4B20280E08003B571D /* FCCallback.m */,
				4579BE4D202826B3003B571D /* FCRequestManager.h */,
				4579BE4E202826B3003B571D /* FCRequestManager.m */,
			);
			path = Custom;
			sourceTree = "<group>";
		};
		459F12EC1F2B1A4000C5ADC2 /* AudioFilePlayer */ = {
			isa = PBXGroup;
			children = (
				459F12ED1F2B1A4000C5ADC2 /* AudioFilePlayer.h */,
				459F12EE1F2B1A4000C5ADC2 /* AudioFilePlayer.m */,
				4588A4D8202D9130001885DB /* CheckAudioFilePlayer.h */,
				4588A4D9202D9130001885DB /* CheckAudioFilePlayer.m */,
			);
			path = AudioFilePlayer;
			sourceTree = "<group>";
		};
		45B357EE1EF91AB500CEF767 /* Universe */ = {
			isa = PBXGroup;
			children = (
				4555AC021F21D5EB00351397 /* Error */,
				4555AC051F21D5EB00351397 /* Command */,
			);
			path = Universe;
			sourceTree = "<group>";
		};
		45D8CE841EAF2207003CE137 = {
			isa = PBXGroup;
			children = (
				45D8CE8F1EAF2207003CE137 /* AudioPlayerDemo */,
				45D8CE8E1EAF2207003CE137 /* Products */,
			);
			sourceTree = "<group>";
		};
		45D8CE8E1EAF2207003CE137 /* Products */ = {
			isa = PBXGroup;
			children = (
				45D8CE8D1EAF2207003CE137 /* AudioPlayerDemo.app */,
			);
			name = Products;
			sourceTree = "<group>";
		};
		45D8CE8F1EAF2207003CE137 /* AudioPlayerDemo */ = {
			isa = PBXGroup;
			children = (
				4579BE4320280D2C003B571D /* Custom */,
				45B357EE1EF91AB500CEF767 /* Universe */,
				45D8CEA71EAF2243003CE137 /* AudioPlayerBox */,
				45D8CE931EAF2207003CE137 /* AppDelegate.h */,
				45D8CE941EAF2207003CE137 /* AppDelegate.m */,
				45D8CE961EAF2207003CE137 /* ViewController.h */,
				45D8CE971EAF2207003CE137 /* ViewController.m */,
				45D8CE991EAF2207003CE137 /* Main.storyboard */,
				45D8CE9C1EAF2207003CE137 /* Assets.xcassets */,
				45D8CE9E1EAF2207003CE137 /* LaunchScreen.storyboard */,
				45D8CEA11EAF2207003CE137 /* Info.plist */,
				45D8CE901EAF2207003CE137 /* Supporting Files */,
			);
			path = AudioPlayerDemo;
			sourceTree = "<group>";
		};
		45D8CE901EAF2207003CE137 /* Supporting Files */ = {
			isa = PBXGroup;
			children = (
				45D8CE911EAF2207003CE137 /* main.m */,
				4555AC0B1F21D77C00351397 /* PrefixHeader.pch */,
			);
			name = "Supporting Files";
			sourceTree = "<group>";
		};
		45D8CEA71EAF2243003CE137 /* AudioPlayerBox */ = {
			isa = PBXGroup;
			children = (
				459F12EC1F2B1A4000C5ADC2 /* AudioFilePlayer */,
				45D8CEAD1EAF2243003CE137 /* AudioPlayer */,
			);
			path = AudioPlayerBox;
			sourceTree = "<group>";
		};
		45D8CEAD1EAF2243003CE137 /* AudioPlayer */ = {
			isa = PBXGroup;
			children = (
				45D8CEAE1EAF2243003CE137 /* AudioPlayer.h */,
				45B357EC1EF9147900CEF767 /* AudioPlayer.m */,
				456DDFC4202C30DC00AE9A43 /* AudioPlayerChecker.h */,
				456DDFC5202C30DC00AE9A43 /* AudioPlayerChecker.m */,
			);
			path = AudioPlayer;
			sourceTree = "<group>";
		};
/* End PBXGroup section */

/* Begin PBXNativeTarget section */
		45D8CE8C1EAF2207003CE137 /* AudioPlayerDemo */ = {
			isa = PBXNativeTarget;
			buildConfigurationList = 45D8CEA41EAF2207003CE137 /* Build configuration list for PBXNativeTarget "AudioPlayerDemo" */;
			buildPhases = (
				45D8CE891EAF2207003CE137 /* Sources */,
				45D8CE8A1EAF2207003CE137 /* Frameworks */,
				45D8CE8B1EAF2207003CE137 /* Resources */,
			);
			buildRules = (
			);
			dependencies = (
			);
			name = AudioPlayerDemo;
			productName = AudioPlayerDemo;
			productReference = 45D8CE8D1EAF2207003CE137 /* AudioPlayerDemo.app */;
			productType = "com.apple.product-type.application";
		};
/* End PBXNativeTarget section */

/* Begin PBXProject section */
		45D8CE851EAF2207003CE137 /* Project object */ = {
			isa = PBXProject;
			attributes = {
				LastUpgradeCheck = 0830;
				ORGANIZATIONNAME = xuetang;
				TargetAttributes = {
					45D8CE8C1EAF2207003CE137 = {
						CreatedOnToolsVersion = 8.3.2;
						ProvisioningStyle = Automatic;
					};
				};
			};
			buildConfigurationList = 45D8CE881EAF2207003CE137 /* Build configuration list for PBXProject "AudioPlayerDemo" */;
			compatibilityVersion = "Xcode 3.2";
			developmentRegion = English;
			hasScannedForEncodings = 0;
			knownRegions = (
				en,
				Base,
			);
			mainGroup = 45D8CE841EAF2207003CE137;
			productRefGroup = 45D8CE8E1EAF2207003CE137 /* Products */;
			projectDirPath = "";
			projectRoot = "";
			targets = (
				45D8CE8C1EAF2207003CE137 /* AudioPlayerDemo */,
			);
		};
/* End PBXProject section */

/* Begin PBXResourcesBuildPhase section */
		45D8CE8B1EAF2207003CE137 /* Resources */ = {
			isa = PBXResourcesBuildPhase;
			buildActionMask = 2147483647;
			files = (
				45D8CEA01EAF2207003CE137 /* LaunchScreen.storyboard in Resources */,
				45D8CE9D1EAF2207003CE137 /* Assets.xcassets in Resources */,
				45D8CE9B1EAF2207003CE137 /* Main.storyboard in Resources */,
			);
			runOnlyForDeploymentPostprocessing = 0;
		};
/* End PBXResourcesBuildPhase section */

/* Begin PBXSourcesBuildPhase section */
		45D8CE891EAF2207003CE137 /* Sources */ = {
			isa = PBXSourcesBuildPhase;
			buildActionMask = 2147483647;
			files = (
				4588A4DA202D9130001885DB /* CheckAudioFilePlayer.m in Sources */,
				45D8CE981EAF2207003CE137 /* ViewController.m in Sources */,
				4555AC0A1F21D5EB00351397 /* MCProtocolCommand.m in Sources */,
				45B357ED1EF9147900CEF767 /* AudioPlayer.m in Sources */,
				45D8CE951EAF2207003CE137 /* AppDelegate.m in Sources */,
				459F12EF1F2B1A4000C5ADC2 /* AudioFilePlayer.m in Sources */,
				4579BE4F202826B3003B571D /* FCRequestManager.m in Sources */,
				45D8CE921EAF2207003CE137 /* main.m in Sources */,
				4579BE4C20280E08003B571D /* FCCallback.m in Sources */,
				4555AC091F21D5EB00351397 /* NSError+MC.m in Sources */,
				4579BE4920280DD0003B571D /* FCRequest.m in Sources */,
				456DDFC6202C30DC00AE9A43 /* AudioPlayerChecker.m in Sources */,
			);
			runOnlyForDeploymentPostprocessing = 0;
		};
/* End PBXSourcesBuildPhase section */

/* Begin PBXVariantGroup section */
		45D8CE991EAF2207003CE137 /* Main.storyboard */ = {
			isa = PBXVariantGroup;
			children = (
				45D8CE9A1EAF2207003CE137 /* Base */,
			);
			name = Main.storyboard;
			sourceTree = "<group>";
		};
		45D8CE9E1EAF2207003CE137 /* LaunchScreen.storyboard */ = {
			isa = PBXVariantGroup;
			children = (
				45D8CE9F1EAF2207003CE137 /* Base */,
			);
			name = LaunchScreen.storyboard;
			sourceTree = "<group>";
		};
/* End PBXVariantGroup section */

/* Begin XCBuildConfiguration section */
		45D8CEA21EAF2207003CE137 /* Debug */ = {
			isa = XCBuildConfiguration;
			buildSettings = {
				ALWAYS_SEARCH_USER_PATHS = NO;
				CLANG_ANALYZER_NONNULL = YES;
				CLANG_ANALYZER_NUMBER_OBJECT_CONVERSION = YES_AGGRESSIVE;
				CLANG_CXX_LANGUAGE_STANDARD = "gnu++0x";
				CLANG_CXX_LIBRARY = "libc++";
				CLANG_ENABLE_MODULES = YES;
				CLANG_ENABLE_OBJC_ARC = YES;
				CLANG_WARN_BOOL_CONVERSION = YES;
				CLANG_WARN_CONSTANT_CONVERSION = YES;
				CLANG_WARN_DIRECT_OBJC_ISA_USAGE = YES_ERROR;
				CLANG_WARN_DOCUMENTATION_COMMENTS = YES;
				CLANG_WARN_EMPTY_BODY = YES;
				CLANG_WARN_ENUM_CONVERSION = YES;
				CLANG_WARN_INFINITE_RECURSION = YES;
				CLANG_WARN_INT_CONVERSION = YES;
				CLANG_WARN_OBJC_ROOT_CLASS = YES_ERROR;
				CLANG_WARN_SUSPICIOUS_MOVE = YES;
				CLANG_WARN_UNREACHABLE_CODE = YES;
				CLANG_WARN__DUPLICATE_METHOD_MATCH = YES;
				"CODE_SIGN_IDENTITY[sdk=iphoneos*]" = "iPhone Developer";
				COPY_PHASE_STRIP = NO;
				DEBUG_INFORMATION_FORMAT = dwarf;
				ENABLE_STRICT_OBJC_MSGSEND = YES;
				ENABLE_TESTABILITY = YES;
				GCC_C_LANGUAGE_STANDARD = gnu99;
				GCC_DYNAMIC_NO_PIC = NO;
				GCC_NO_COMMON_BLOCKS = YES;
				GCC_OPTIMIZATION_LEVEL = 0;
				GCC_PREPROCESSOR_DEFINITIONS = (
					"DEBUG=1",
					"$(inherited)",
				);
				GCC_WARN_64_TO_32_BIT_CONVERSION = YES;
				GCC_WARN_ABOUT_RETURN_TYPE = YES_ERROR;
				GCC_WARN_UNDECLARED_SELECTOR = YES;
				GCC_WARN_UNINITIALIZED_AUTOS = YES_AGGRESSIVE;
				GCC_WARN_UNUSED_FUNCTION = YES;
				GCC_WARN_UNUSED_VARIABLE = YES;
				IPHONEOS_DEPLOYMENT_TARGET = 10.3;
				MTL_ENABLE_DEBUG_INFO = YES;
				ONLY_ACTIVE_ARCH = YES;
				SDKROOT = iphoneos;
				TARGETED_DEVICE_FAMILY = "1,2";
			};
			name = Debug;
		};
		45D8CEA31EAF2207003CE137 /* Release */ = {
			isa = XCBuildConfiguration;
			buildSettings = {
				ALWAYS_SEARCH_USER_PATHS = NO;
				CLANG_ANALYZER_NONNULL = YES;
				CLANG_ANALYZER_NUMBER_OBJECT_CONVERSION = YES_AGGRESSIVE;
				CLANG_CXX_LANGUAGE_STANDARD = "gnu++0x";
				CLANG_CXX_LIBRARY = "libc++";
				CLANG_ENABLE_MODULES = YES;
				CLANG_ENABLE_OBJC_ARC = YES;
				CLANG_WARN_BOOL_CONVERSION = YES;
				CLANG_WARN_CONSTANT_CONVERSION = YES;
				CLANG_WARN_DIRECT_OBJC_ISA_USAGE = YES_ERROR;
				CLANG_WARN_DOCUMENTATION_COMMENTS = YES;
				CLANG_WARN_EMPTY_BODY = YES;
				CLANG_WARN_ENUM_CONVERSION = YES;
				CLANG_WARN_INFINITE_RECURSION = YES;
				CLANG_WARN_INT_CONVERSION = YES;
				CLANG_WARN_OBJC_ROOT_CLASS = YES_ERROR;
				CLANG_WARN_SUSPICIOUS_MOVE = YES;
				CLANG_WARN_UNREACHABLE_CODE = YES;
				CLANG_WARN__DUPLICATE_METHOD_MATCH = YES;
				"CODE_SIGN_IDENTITY[sdk=iphoneos*]" = "iPhone Developer";
				COPY_PHASE_STRIP = NO;
				DEBUG_INFORMATION_FORMAT = "dwarf-with-dsym";
				ENABLE_NS_ASSERTIONS = NO;
				ENABLE_STRICT_OBJC_MSGSEND = YES;
				GCC_C_LANGUAGE_STANDARD = gnu99;
				GCC_NO_COMMON_BLOCKS = YES;
				GCC_WARN_64_TO_32_BIT_CONVERSION = YES;
				GCC_WARN_ABOUT_RETURN_TYPE = YES_ERROR;
				GCC_WARN_UNDECLARED_SELECTOR = YES;
				GCC_WARN_UNINITIALIZED_AUTOS = YES_AGGRESSIVE;
				GCC_WARN_UNUSED_FUNCTION = YES;
				GCC_WARN_UNUSED_VARIABLE = YES;
				IPHONEOS_DEPLOYMENT_TARGET = 10.3;
				MTL_ENABLE_DEBUG_INFO = NO;
				SDKROOT = iphoneos;
				TARGETED_DEVICE_FAMILY = "1,2";
				VALIDATE_PRODUCT = YES;
			};
			name = Release;
		};
		45D8CEA51EAF2207003CE137 /* Debug */ = {
			isa = XCBuildConfiguration;
			buildSettings = {
				ASSETCATALOG_COMPILER_APPICON_NAME = AppIcon;
				GCC_PREFIX_HEADER = AudioPlayerdemo/PrefixHeader.pch;
				INFOPLIST_FILE = AudioPlayerDemo/Info.plist;
				LD_RUNPATH_SEARCH_PATHS = "$(inherited) @executable_path/Frameworks";
				PRODUCT_BUNDLE_IDENTIFIER = com.xuetangx.AudioPlayerDemo;
				PRODUCT_NAME = "$(TARGET_NAME)";
			};
			name = Debug;
		};
		45D8CEA61EAF2207003CE137 /* Release */ = {
			isa = XCBuildConfiguration;
			buildSettings = {
				ASSETCATALOG_COMPILER_APPICON_NAME = AppIcon;
				GCC_PREFIX_HEADER = AudioPlayerdemo/PrefixHeader.pch;
				INFOPLIST_FILE = AudioPlayerDemo/Info.plist;
				LD_RUNPATH_SEARCH_PATHS = "$(inherited) @executable_path/Frameworks";
				PRODUCT_BUNDLE_IDENTIFIER = com.xuetangx.AudioPlayerDemo;
				PRODUCT_NAME = "$(TARGET_NAME)";
			};
			name = Release;
		};
/* End XCBuildConfiguration section */

/* Begin XCConfigurationList section */
		45D8CE881EAF2207003CE137 /* Build configuration list for PBXProject "AudioPlayerDemo" */ = {
			isa = XCConfigurationList;
			buildConfigurations = (
				45D8CEA21EAF2207003CE137 /* Debug */,
				45D8CEA31EAF2207003CE137 /* Release */,
			);
			defaultConfigurationIsVisible = 0;
			defaultConfigurationName = Release;
		};
		45D8CEA41EAF2207003CE137 /* Build configuration list for PBXNativeTarget "AudioPlayerDemo" */ = {
			isa = XCConfigurationList;
			buildConfigurations = (
				45D8CEA51EAF2207003CE137 /* Debug */,
				45D8CEA61EAF2207003CE137 /* Release */,
			);
			defaultConfigurationIsVisible = 0;
			defaultConfigurationName = Release;
		};
/* End XCConfigurationList section */
	};
	rootObject = 45D8CE851EAF2207003CE137 /* Project object */;
}
